Microsoft Visual Studio Solution File, Format Version 11.00
# Visual Studio 2008

Project("{021599AF-D057-EA82-8D64-D23077CEC19F}") = "GemDemo", "Assembly-CSharp.csproj", "{B68A3C89-01AF-FE3D-DE9D-8F114749CEFC}"
EndProject
Global
	GlobalSection(SolutionConfigurationPlatforms) = preSolution
		Debug|Any CPU = Debug|Any CPU
		Release|Any CPU = Release|Any CPU
	EndGlobalSection
	GlobalSection(ProjectConfigurationPlatforms) = postSolution
		{B68A3C89-01AF-FE3D-DE9D-8F114749CEFC}.Debug|Any CPU.ActiveCfg = Debug|Any CPU
		{B68A3C89-01AF-FE3D-DE9D-8F114749CEFC}.Debug|Any CPU.Build.0 = Debug|Any CPU
		{B68A3C89-01AF-FE3D-DE9D-8F114749CEFC}.Release|Any CPU.ActiveCfg = Release|Any CPU
		{B68A3C89-01AF-FE3D-DE9D-8F114749CEFC}.Release|Any CPU.Build.0 = Release|Any CPU
	EndGlobalSection
	GlobalSection(SolutionProperties) = preSolution
		HideSolutionNode = FALSE
	EndGlobalSection
	GlobalSection(MonoDevelopProperties) = preSolution
		StartupItem = Assembly-CSharp.csproj
	EndGlobalSection
EndGlobal
